
Microsoft Visual Studio Solution File, Format Version 12.00
# Visual Studio 14
VisualStudioVersion = 14.0.25420.1
MinimumVisualStudioVersion = 10.0.40219.1
Project("{FAE04EC0-301F-11D3-BF4B-00C04F79EFBC}") = "PVM3_6615", "PVM3_6615\PVM3_6615.csproj", "{88DA82AA-F4C1-4FB8-8524-9F233CE2E2E7}"
EndProject
Project("{FAE04EC0-301F-11D3-BF4B-00C04F79EFBC}") = "cLibrary", "cLibrary\cLibrary.csproj", "{C4A3DF75-67C7-4B7D-8118-73F58FDFDD40}"
EndProject
Global
	GlobalSection(SolutionConfigurationPlatforms) = preSolution
		Debug|Any CPU = Debug|Any CPU
		Release|Any CPU = Release|Any CPU
	EndGlobalSection
	GlobalSection(ProjectConfigurationPlatforms) = postSolution
		{88DA82AA-F4C1-4FB8-8524-9F233CE2E2E7}.Debug|Any CPU.ActiveCfg = Debug|Any CPU
		{88DA82AA-F4C1-4FB8-8524-9F233CE2E2E7}.Debug|Any CPU.Build.0 = Debug|Any CPU
		{88DA82AA-F4C1-4FB8-8524-9F233CE2E2E7}.Release|Any CPU.ActiveCfg = Release|Any CPU
		{88DA82AA-F4C1-4FB8-8524-9F233CE2E2E7}.Release|Any CPU.Build.0 = Release|Any CPU
		{C4A3DF75-67C7-4B7D-8118-73F58FDFDD40}.Debug|Any CPU.ActiveCfg = Debug|Any CPU
		{C4A3DF75-67C7-4B7D-8118-73F58FDFDD40}.Debug|Any CPU.Build.0 = Debug|Any CPU
		{C4A3DF75-67C7-4B7D-8118-73F58FDFDD40}.Release|Any CPU.ActiveCfg = Release|Any CPU
		{C4A3DF75-67C7-4B7D-8118-73F58FDFDD40}.Release|Any CPU.Build.0 = Release|Any CPU
	EndGlobalSection
	GlobalSection(SolutionProperties) = preSolution
		HideSolutionNode = FALSE
	EndGlobalSection
EndGlobal
